
Microsoft Visual Studio Solution File, Format Version 12.00
# Visual Studio Version 17
VisualStudioVersion = 17.11.35222.181
MinimumVisualStudioVersion = 10.0.40219.1
Project("{9A19103F-16F7-4668-BE54-9A1E7A4F7556}") = "ProductAPI", "ProductAPI\ProductAPI.csproj", "{1E8967B6-F763-4386-9CC1-3E1A603F708F}"
EndProject
Project("{FAE04EC0-301F-11D3-BF4B-00C04F79EFBC}") = "TestProductAPI", "TestProductAPI\TestProductAPI.csproj", "{20B18F38-09A6-43F0-B6BE-5C01715143DD}"
EndProject
Global
	GlobalSection(SolutionConfigurationPlatforms) = preSolution
		Debug|Any CPU = Debug|Any CPU
		Release|Any CPU = Release|Any CPU
	EndGlobalSection
	GlobalSection(ProjectConfigurationPlatforms) = postSolution
		{1E8967B6-F763-4386-9CC1-3E1A603F708F}.Debug|Any CPU.ActiveCfg = Debug|Any CPU
		{1E8967B6-F763-4386-9CC1-3E1A603F708F}.Debug|Any CPU.Build.0 = Debug|Any CPU
		{1E8967B6-F763-4386-9CC1-3E1A603F708F}.Release|Any CPU.ActiveCfg = Release|Any CPU
		{1E8967B6-F763-4386-9CC1-3E1A603F708F}.Release|Any CPU.Build.0 = Release|Any CPU
		{20B18F38-09A6-43F0-B6BE-5C01715143DD}.Debug|Any CPU.ActiveCfg = Debug|Any CPU
		{20B18F38-09A6-43F0-B6BE-5C01715143DD}.Debug|Any CPU.Build.0 = Debug|Any CPU
		{20B18F38-09A6-43F0-B6BE-5C01715143DD}.Release|Any CPU.ActiveCfg = Release|Any CPU
		{20B18F38-09A6-43F0-B6BE-5C01715143DD}.Release|Any CPU.Build.0 = Release|Any CPU
	EndGlobalSection
	GlobalSection(SolutionProperties) = preSolution
		HideSolutionNode = FALSE
	EndGlobalSection
	GlobalSection(ExtensibilityGlobals) = postSolution
		SolutionGuid = {FB349A46-004F-4E6C-9574-4217E69AE829}
	EndGlobalSection
EndGlobal
